
Microsoft Visual Studio Solution File, Format Version 12.00
Project("{FAE04EC0-301F-11D3-BF4B-00C04F79EFBC}") = "Wdiw.Tui", "src\Wdiw.Tui\Wdiw.Tui.csproj", "{13CC1D36-5573-439F-9566-F6F90A3042F6}"
EndProject
Project("{FAE04EC0-301F-11D3-BF4B-00C04F79EFBC}") = "Wdiw.Cli", "src\Wdiw.Cli\Wdiw.Cli.csproj", "{B0C56B4F-8826-4CF8-AB26-D6E0629BB3FC}"
EndProject
Project("{FAE04EC0-301F-11D3-BF4B-00C04F79EFBC}") = "Wdiw.Infrastructure", "src\Wdiw.Infrastructure\Wdiw.Infrastructure.csproj", "{E3AA3D69-3742-4047-AF81-0CCA822BFE4A}"
EndProject
Global
	GlobalSection(SolutionConfigurationPlatforms) = preSolution
		Debug|Any CPU = Debug|Any CPU
		Release|Any CPU = Release|Any CPU
	EndGlobalSection
	GlobalSection(ProjectConfigurationPlatforms) = postSolution
		{13CC1D36-5573-439F-9566-F6F90A3042F6}.Debug|Any CPU.ActiveCfg = Debug|Any CPU
		{13CC1D36-5573-439F-9566-F6F90A3042F6}.Debug|Any CPU.Build.0 = Debug|Any CPU
		{13CC1D36-5573-439F-9566-F6F90A3042F6}.Release|Any CPU.ActiveCfg = Release|Any CPU
		{13CC1D36-5573-439F-9566-F6F90A3042F6}.Release|Any CPU.Build.0 = Release|Any CPU
		{B0C56B4F-8826-4CF8-AB26-D6E0629BB3FC}.Debug|Any CPU.ActiveCfg = Debug|Any CPU
		{B0C56B4F-8826-4CF8-AB26-D6E0629BB3FC}.Debug|Any CPU.Build.0 = Debug|Any CPU
		{B0C56B4F-8826-4CF8-AB26-D6E0629BB3FC}.Release|Any CPU.ActiveCfg = Release|Any CPU
		{B0C56B4F-8826-4CF8-AB26-D6E0629BB3FC}.Release|Any CPU.Build.0 = Release|Any CPU
		{E3AA3D69-3742-4047-AF81-0CCA822BFE4A}.Debug|Any CPU.ActiveCfg = Debug|Any CPU
		{E3AA3D69-3742-4047-AF81-0CCA822BFE4A}.Debug|Any CPU.Build.0 = Debug|Any CPU
		{E3AA3D69-3742-4047-AF81-0CCA822BFE4A}.Release|Any CPU.ActiveCfg = Release|Any CPU
		{E3AA3D69-3742-4047-AF81-0CCA822BFE4A}.Release|Any CPU.Build.0 = Release|Any CPU
	EndGlobalSection
EndGlobal
